// !$*UTF8*$!
{
	archiveVersion = 1;
	classes = {
	};
	objectVersion = 48;
	objects = {

/* Begin PBXBuildFile section */
		1A1F2B201FC00E9600A7075F /* PhotoDetailViewController.swift in Sources */ = {isa = PBXBuildFile; fileRef = 1A1F2B1F1FC00E9600A7075F /* PhotoDetailViewController.swift */; };
		1A87CF241FBAC66400B25812 /* AppDelegate.swift in Sources */ = {isa = PBXBuildFile; fileRef = 1A87CF231FBAC66400B25812 /* AppDelegate.swift */; };
		1A87CF261FBAC66400B25812 /* TravelLocationsMapViewController.swift in Sources */ = {isa = PBXBuildFile; fileRef = 1A87CF251FBAC66400B25812 /* TravelLocationsMapViewController.swift */; };
		1A87CF291FBAC66400B25812 /* Main.storyboard in Resources */ = {isa = PBXBuildFile; fileRef = 1A87CF271FBAC66400B25812 /* Main.storyboard */; };
		1A87CF2C1FBAC66500B25812 /* Virtual_Tourist.xcdatamodeld in Sources */ = {isa = PBXBuildFile; fileRef = 1A87CF2A1FBAC66500B25812 /* Virtual_Tourist.xcdatamodeld */; };
		1A87CF2E1FBAC66500B25812 /* Assets.xcassets in Resources */ = {isa = PBXBuildFile; fileRef = 1A87CF2D1FBAC66500B25812 /* Assets.xcassets */; };
		1A87CF3E1FBB7DE900B25812 /* PhotoAlbumViewController.swift in Sources */ = {isa = PBXBuildFile; fileRef = 1A87CF3D1FBB7DE900B25812 /* PhotoAlbumViewController.swift */; };
		1A87CF451FBB924800B25812 /* LaunchScreen.xib in Resources */ = {isa = PBXBuildFile; fileRef = 1A87CF441FBB924800B25812 /* LaunchScreen.xib */; };
		1A87CF471FBBA1AF00B25812 /* FlickrClient.swift in Sources */ = {isa = PBXBuildFile; fileRef = 1A87CF461FBBA1AF00B25812 /* FlickrClient.swift */; };
		1A87CF491FBBB0AA00B25812 /* PinsAndPhotosDataStructure.swift in Sources */ = {isa = PBXBuildFile; fileRef = 1A87CF481FBBB0AA00B25812 /* PinsAndPhotosDataStructure.swift */; };
		1A87CF4B1FBBB9E400B25812 /* FlickrConstants.swift in Sources */ = {isa = PBXBuildFile; fileRef = 1A87CF4A1FBBB9E400B25812 /* FlickrConstants.swift */; };
		1A87CF4D1FBBBAF900B25812 /* GCDPerformUpdates.swift in Sources */ = {isa = PBXBuildFile; fileRef = 1A87CF4C1FBBBAF900B25812 /* GCDPerformUpdates.swift */; };
		1A87CF501FBC2A3100B25812 /* PhotoCollectionViewCell.swift in Sources */ = {isa = PBXBuildFile; fileRef = 1A87CF4F1FBC2A3100B25812 /* PhotoCollectionViewCell.swift */; };
/* End PBXBuildFile section */

/* Begin PBXFileReference section */
		1A1F2B1F1FC00E9600A7075F /* PhotoDetailViewController.swift */ = {isa = PBXFileReference; lastKnownFileType = sourcecode.swift; path = PhotoDetailViewController.swift; sourceTree = "<group>"; };
		1A87CF201FBAC66400B25812 /* Virtual Tourist.app */ = {isa = PBXFileReference; explicitFileType = wrapper.application; includeInIndex = 0; path = "Virtual Tourist.app"; sourceTree = BUILT_PRODUCTS_DIR; };
		1A87CF231FBAC66400B25812 /* AppDelegate.swift */ = {isa = PBXFileReference; lastKnownFileType = sourcecode.swift; path = AppDelegate.swift; sourceTree = "<group>"; };
		1A87CF251FBAC66400B25812 /* TravelLocationsMapViewController.swift */ = {isa = PBXFileReference; lastKnownFileType = sourcecode.swift; path = TravelLocationsMapViewController.swift; sourceTree = "<group>"; };
		1A87CF281FBAC66400B25812 /* Base */ = {isa = PBXFileReference; lastKnownFileType = file.storyboard; name = Base; path = Base.lproj/Main.storyboard; sourceTree = "<group>"; };
		1A87CF2B1FBAC66500B25812 /* Virtual_Tourist.xcdatamodel */ = {isa = PBXFileReference; lastKnownFileType = wrapper.xcdatamodel; path = Virtual_Tourist.xcdatamodel; sourceTree = "<group>"; };
		1A87CF2D1FBAC66500B25812 /* Assets.xcassets */ = {isa = PBXFileReference; lastKnownFileType = folder.assetcatalog; path = Assets.xcassets; sourceTree = "<group>"; };
		1A87CF321FBAC66500B25812 /* Info.plist */ = {isa = PBXFileReference; lastKnownFileType = text.plist.xml; path = Info.plist; sourceTree = "<group>"; };
		1A87CF3D1FBB7DE900B25812 /* PhotoAlbumViewController.swift */ = {isa = PBXFileReference; lastKnownFileType = sourcecode.swift; path = PhotoAlbumViewController.swift; sourceTree = "<group>"; };
		1A87CF441FBB924800B25812 /* LaunchScreen.xib */ = {isa = PBXFileReference; fileEncoding = 4; lastKnownFileType = file.xib; name = LaunchScreen.xib; path = Base.lproj/LaunchScreen.xib; sourceTree = "<group>"; };
		1A87CF461FBBA1AF00B25812 /* FlickrClient.swift */ = {isa = PBXFileReference; lastKnownFileType = sourcecode.swift; path = FlickrClient.swift; sourceTree = "<group>"; };
		1A87CF481FBBB0AA00B25812 /* PinsAndPhotosDataStructure.swift */ = {isa = PBXFileReference; lastKnownFileType = sourcecode.swift; path = PinsAndPhotosDataStructure.swift; sourceTree = "<group>"; };
		1A87CF4A1FBBB9E400B25812 /* FlickrConstants.swift */ = {isa = PBXFileReference; lastKnownFileType = sourcecode.swift; path = FlickrConstants.swift; sourceTree = "<group>"; };
		1A87CF4C1FBBBAF900B25812 /* GCDPerformUpdates.swift */ = {isa = PBXFileReference; lastKnownFileType = sourcecode.swift; path = GCDPerformUpdates.swift; sourceTree = "<group>"; };
		1A87CF4F1FBC2A3100B25812 /* PhotoCollectionViewCell.swift */ = {isa = PBXFileReference; lastKnownFileType = sourcecode.swift; path = PhotoCollectionViewCell.swift; sourceTree = "<group>"; };
/* End PBXFileReference section */

/* Begin PBXFrameworksBuildPhase section */
		1A87CF1D1FBAC66400B25812 /* Frameworks */ = {
			isa = PBXFrameworksBuildPhase;
			buildActionMask = 2147483647;
			files = (
			);
			runOnlyForDeploymentPostprocessing = 0;
		};
/* End PBXFrameworksBuildPhase section */

/* Begin PBXGroup section */
		1A87CF171FBAC66400B25812 = {
			isa = PBXGroup;
			children = (
				1A87CF221FBAC66400B25812 /* Virtual Tourist */,
				1A87CF211FBAC66400B25812 /* Products */,
			);
			sourceTree = "<group>";
		};
		1A87CF211FBAC66400B25812 /* Products */ = {
			isa = PBXGroup;
			children = (
				1A87CF201FBAC66400B25812 /* Virtual Tourist.app */,
			);
			name = Products;
			sourceTree = "<group>";
		};
		1A87CF221FBAC66400B25812 /* Virtual Tourist */ = {
			isa = PBXGroup;
			children = (
				1A87CF231FBAC66400B25812 /* AppDelegate.swift */,
				1A87CF4C1FBBBAF900B25812 /* GCDPerformUpdates.swift */,
				1A87CF3A1FBACB3500B25812 /* Model */,
				1A87CF3C1FBACB4C00B25812 /* View */,
				1A87CF3B1FBACB3C00B25812 /* Controller */,
				1A87CF271FBAC66400B25812 /* Main.storyboard */,
				1A87CF2D1FBAC66500B25812 /* Assets.xcassets */,
				1A87CF441FBB924800B25812 /* LaunchScreen.xib */,
				1A87CF321FBAC66500B25812 /* Info.plist */,
			);
			path = "Virtual Tourist";
			sourceTree = "<group>";
		};
		1A87CF3A1FBACB3500B25812 /* Model */ = {
			isa = PBXGroup;
			children = (
				1A87CF4E1FBBFF8700B25812 /* FlickrClient */,
				1A87CF481FBBB0AA00B25812 /* PinsAndPhotosDataStructure.swift */,
				1A87CF2A1FBAC66500B25812 /* Virtual_Tourist.xcdatamodeld */,
			);
			name = Model;
			sourceTree = "<group>";
		};
		1A87CF3B1FBACB3C00B25812 /* Controller */ = {
			isa = PBXGroup;
			children = (
				1A87CF251FBAC66400B25812 /* TravelLocationsMapViewController.swift */,
				1A87CF3D1FBB7DE900B25812 /* PhotoAlbumViewController.swift */,
				1A1F2B1F1FC00E9600A7075F /* PhotoDetailViewController.swift */,
			);
			name = Controller;
			sourceTree = "<group>";
		};
		1A87CF3C1FBACB4C00B25812 /* View */ = {
			isa = PBXGroup;
			children = (
				1A87CF4F1FBC2A3100B25812 /* PhotoCollectionViewCell.swift */,
			);
			name = View;
			sourceTree = "<group>";
		};
		1A87CF4E1FBBFF8700B25812 /* FlickrClient */ = {
			isa = PBXGroup;
			children = (
				1A87CF461FBBA1AF00B25812 /* FlickrClient.swift */,
				1A87CF4A1FBBB9E400B25812 /* FlickrConstants.swift */,
			);
			name = FlickrClient;
			sourceTree = "<group>";
		};
/* End PBXGroup section */

/* Begin PBXNativeTarget section */
		1A87CF1F1FBAC66400B25812 /* Virtual Tourist */ = {
			isa = PBXNativeTarget;
			buildConfigurationList = 1A87CF351FBAC66500B25812 /* Build configuration list for PBXNativeTarget "Virtual Tourist" */;
			buildPhases = (
				1A87CF1C1FBAC66400B25812 /* Sources */,
				1A87CF1D1FBAC66400B25812 /* Frameworks */,
				1A87CF1E1FBAC66400B25812 /* Resources */,
			);
			buildRules = (
			);
			dependencies = (
			);
			name = "Virtual Tourist";
			productName = "Virtual Tourist";
			productReference = 1A87CF201FBAC66400B25812 /* Virtual Tourist.app */;
			productType = "com.apple.product-type.application";
		};
/* End PBXNativeTarget section */

/* Begin PBXProject section */
		1A87CF181FBAC66400B25812 /* Project object */ = {
			isa = PBXProject;
			attributes = {
				LastSwiftUpdateCheck = 0910;
				LastUpgradeCheck = 0910;
				ORGANIZATIONNAME = "James Dellinger";
				TargetAttributes = {
					1A87CF1F1FBAC66400B25812 = {
						CreatedOnToolsVersion = 9.1;
						ProvisioningStyle = Automatic;
					};
				};
			};
			buildConfigurationList = 1A87CF1B1FBAC66400B25812 /* Build configuration list for PBXProject "Virtual Tourist" */;
			compatibilityVersion = "Xcode 8.0";
			developmentRegion = en;
			hasScannedForEncodings = 0;
			knownRegions = (
				en,
				Base,
			);
			mainGroup = 1A87CF171FBAC66400B25812;
			productRefGroup = 1A87CF211FBAC66400B25812 /* Products */;
			projectDirPath = "";
			projectRoot = "";
			targets = (
				1A87CF1F1FBAC66400B25812 /* Virtual Tourist */,
			);
		};
/* End PBXProject section */

/* Begin PBXResourcesBuildPhase section */
		1A87CF1E1FBAC66400B25812 /* Resources */ = {
			isa = PBXResourcesBuildPhase;
			buildActionMask = 2147483647;
			files = (
				1A87CF2E1FBAC66500B25812 /* Assets.xcassets in Resources */,
				1A87CF451FBB924800B25812 /* LaunchScreen.xib in Resources */,
				1A87CF291FBAC66400B25812 /* Main.storyboard in Resources */,
			);
			runOnlyForDeploymentPostprocessing = 0;
		};
/* End PBXResourcesBuildPhase section */

/* Begin PBXSourcesBuildPhase section */
		1A87CF1C1FBAC66400B25812 /* Sources */ = {
			isa = PBXSourcesBuildPhase;
			buildActionMask = 2147483647;
			files = (
				1A87CF4B1FBBB9E400B25812 /* FlickrConstants.swift in Sources */,
				1A87CF4D1FBBBAF900B25812 /* GCDPerformUpdates.swift in Sources */,
				1A87CF261FBAC66400B25812 /* TravelLocationsMapViewController.swift in Sources */,
				1A87CF471FBBA1AF00B25812 /* FlickrClient.swift in Sources */,
				1A1F2B201FC00E9600A7075F /* PhotoDetailViewController.swift in Sources */,
				1A87CF2C1FBAC66500B25812 /* Virtual_Tourist.xcdatamodeld in Sources */,
				1A87CF501FBC2A3100B25812 /* PhotoCollectionViewCell.swift in Sources */,
				1A87CF241FBAC66400B25812 /* AppDelegate.swift in Sources */,
				1A87CF491FBBB0AA00B25812 /* PinsAndPhotosDataStructure.swift in Sources */,
				1A87CF3E1FBB7DE900B25812 /* PhotoAlbumViewController.swift in Sources */,
			);
			runOnlyForDeploymentPostprocessing = 0;
		};
/* End PBXSourcesBuildPhase section */

/* Begin PBXVariantGroup section */
		1A87CF271FBAC66400B25812 /* Main.storyboard */ = {
			isa = PBXVariantGroup;
			children = (
				1A87CF281FBAC66400B25812 /* Base */,
			);
			name = Main.storyboard;
			sourceTree = "<group>";
		};
/* End PBXVariantGroup section */

/* Begin XCBuildConfiguration section */
		1A87CF331FBAC66500B25812 /* Debug */ = {
			isa = XCBuildConfiguration;
			buildSettings = {
				ALWAYS_SEARCH_USER_PATHS = NO;
				CLANG_ANALYZER_NONNULL = YES;
				CLANG_ANALYZER_NUMBER_OBJECT_CONVERSION = YES_AGGRESSIVE;
				CLANG_CXX_LANGUAGE_STANDARD = "gnu++14";
				CLANG_CXX_LIBRARY = "libc++";
				CLANG_ENABLE_MODULES = YES;
				CLANG_ENABLE_OBJC_ARC = YES;
				CLANG_WARN_BLOCK_CAPTURE_AUTORELEASING = YES;
				CLANG_WARN_BOOL_CONVERSION = YES;
				CLANG_WARN_COMMA = YES;
				CLANG_WARN_CONSTANT_CONVERSION = YES;
				CLANG_WARN_DIRECT_OBJC_ISA_USAGE = YES_ERROR;
				CLANG_WARN_DOCUMENTATION_COMMENTS = YES;
				CLANG_WARN_EMPTY_BODY = YES;
				CLANG_WARN_ENUM_CONVERSION = YES;
				CLANG_WARN_INFINITE_RECURSION = YES;
				CLANG_WARN_INT_CONVERSION = YES;
				CLANG_WARN_NON_LITERAL_NULL_CONVERSION = YES;
				CLANG_WARN_OBJC_LITERAL_CONVERSION = YES;
				CLANG_WARN_OBJC_ROOT_CLASS = YES_ERROR;
				CLANG_WARN_RANGE_LOOP_ANALYSIS = YES;
				CLANG_WARN_STRICT_PROTOTYPES = YES;
				CLANG_WARN_SUSPICIOUS_MOVE = YES;
				CLANG_WARN_UNGUARDED_AVAILABILITY = YES_AGGRESSIVE;
				CLANG_WARN_UNREACHABLE_CODE = YES;
				CLANG_WARN__DUPLICATE_METHOD_MATCH = YES;
				CODE_SIGN_IDENTITY = "iPhone Developer";
				COPY_PHASE_STRIP = NO;
				DEBUG_INFORMATION_FORMAT = dwarf;
				ENABLE_STRICT_OBJC_MSGSEND = YES;
				ENABLE_TESTABILITY = YES;
				GCC_C_LANGUAGE_STANDARD = gnu11;
				GCC_DYNAMIC_NO_PIC = NO;
				GCC_NO_COMMON_BLOCKS = YES;
				GCC_OPTIMIZATION_LEVEL = 0;
				GCC_PREPROCESSOR_DEFINITIONS = (
					"DEBUG=1",
					"$(inherited)",
				);
				GCC_WARN_64_TO_32_BIT_CONVERSION = YES;
				GCC_WARN_ABOUT_RETURN_TYPE = YES_ERROR;
				GCC_WARN_UNDECLARED_SELECTOR = YES;
				GCC_WARN_UNINITIALIZED_AUTOS = YES_AGGRESSIVE;
				GCC_WARN_UNUSED_FUNCTION = YES;
				GCC_WARN_UNUSED_VARIABLE = YES;
				IPHONEOS_DEPLOYMENT_TARGET = 11.1;
				MTL_ENABLE_DEBUG_INFO = YES;
				ONLY_ACTIVE_ARCH = YES;
				SDKROOT = iphoneos;
				SWIFT_ACTIVE_COMPILATION_CONDITIONS = DEBUG;
				SWIFT_OPTIMIZATION_LEVEL = "-Onone";
			};
			name = Debug;
		};
		1A87CF341FBAC66500B25812 /* Release */ = {
			isa = XCBuildConfiguration;
			buildSettings = {
				ALWAYS_SEARCH_USER_PATHS = NO;
				CLANG_ANALYZER_NONNULL = YES;
				CLANG_ANALYZER_NUMBER_OBJECT_CONVERSION = YES_AGGRESSIVE;
				CLANG_CXX_LANGUAGE_STANDARD = "gnu++14";
				CLANG_CXX_LIBRARY = "libc++";
				CLANG_ENABLE_MODULES = YES;
				CLANG_ENABLE_OBJC_ARC = YES;
				CLANG_WARN_BLOCK_CAPTURE_AUTORELEASING = YES;
				CLANG_WARN_BOOL_CONVERSION = YES;
				CLANG_WARN_COMMA = YES;
				CLANG_WARN_CONSTANT_CONVERSION = YES;
				CLANG_WARN_DIRECT_OBJC_ISA_USAGE = YES_ERROR;
				CLANG_WARN_DOCUMENTATION_COMMENTS = YES;
				CLANG_WARN_EMPTY_BODY = YES;
				CLANG_WARN_ENUM_CONVERSION = YES;
				CLANG_WARN_INFINITE_RECURSION = YES;
				CLANG_WARN_INT_CONVERSION = YES;
				CLANG_WARN_NON_LITERAL_NULL_CONVERSION = YES;
				CLANG_WARN_OBJC_LITERAL_CONVERSION = YES;
				CLANG_WARN_OBJC_ROOT_CLASS = YES_ERROR;
				CLANG_WARN_RANGE_LOOP_ANALYSIS = YES;
				CLANG_WARN_STRICT_PROTOTYPES = YES;
				CLANG_WARN_SUSPICIOUS_MOVE = YES;
				CLANG_WARN_UNGUARDED_AVAILABILITY = YES_AGGRESSIVE;
				CLANG_WARN_UNREACHABLE_CODE = YES;
				CLANG_WARN__DUPLICATE_METHOD_MATCH = YES;
				CODE_SIGN_IDENTITY = "iPhone Developer";
				COPY_PHASE_STRIP = NO;
				DEBUG_INFORMATION_FORMAT = "dwarf-with-dsym";
				ENABLE_NS_ASSERTIONS = NO;
				ENABLE_STRICT_OBJC_MSGSEND = YES;
				GCC_C_LANGUAGE_STANDARD = gnu11;
				GCC_NO_COMMON_BLOCKS = YES;
				GCC_WARN_64_TO_32_BIT_CONVERSION = YES;
				GCC_WARN_ABOUT_RETURN_TYPE = YES_ERROR;
				GCC_WARN_UNDECLARED_SELECTOR = YES;
				GCC_WARN_UNINITIALIZED_AUTOS = YES_AGGRESSIVE;
				GCC_WARN_UNUSED_FUNCTION = YES;
				GCC_WARN_UNUSED_VARIABLE = YES;
				IPHONEOS_DEPLOYMENT_TARGET = 11.1;
				MTL_ENABLE_DEBUG_INFO = NO;
				SDKROOT = iphoneos;
				SWIFT_OPTIMIZATION_LEVEL = "-Owholemodule";
				VALIDATE_PRODUCT = YES;
			};
			name = Release;
		};
		1A87CF361FBAC66500B25812 /* Debug */ = {
			isa = XCBuildConfiguration;
			buildSettings = {
				ASSETCATALOG_COMPILER_APPICON_NAME = AppIcon;
				CODE_SIGN_STYLE = Automatic;
				INFOPLIST_FILE = "Virtual Tourist/Info.plist";
				LD_RUNPATH_SEARCH_PATHS = "$(inherited) @executable_path/Frameworks";
				PRODUCT_BUNDLE_IDENTIFIER = "JamesDellinger.Virtual-Tourist";
				PRODUCT_NAME = "$(TARGET_NAME)";
				SWIFT_VERSION = 4.0;
				TARGETED_DEVICE_FAMILY = "1,2";
			};
			name = Debug;
		};
		1A87CF371FBAC66500B25812 /* Release */ = {
			isa = XCBuildConfiguration;
			buildSettings = {
				ASSETCATALOG_COMPILER_APPICON_NAME = AppIcon;
				CODE_SIGN_STYLE = Automatic;
				INFOPLIST_FILE = "Virtual Tourist/Info.plist";
				LD_RUNPATH_SEARCH_PATHS = "$(inherited) @executable_path/Frameworks";
				PRODUCT_BUNDLE_IDENTIFIER = "JamesDellinger.Virtual-Tourist";
				PRODUCT_NAME = "$(TARGET_NAME)";
				SWIFT_VERSION = 4.0;
				TARGETED_DEVICE_FAMILY = "1,2";
			};
			name = Release;
		};
/* End XCBuildConfiguration section */

/* Begin XCConfigurationList section */
		1A87CF1B1FBAC66400B25812 /* Build configuration list for PBXProject "Virtual Tourist" */ = {
			isa = XCConfigurationList;
			buildConfigurations = (
				1A87CF331FBAC66500B25812 /* Debug */,
				1A87CF341FBAC66500B25812 /* Release */,
			);
			defaultConfigurationIsVisible = 0;
			defaultConfigurationName = Release;
		};
		1A87CF351FBAC66500B25812 /* Build configuration list for PBXNativeTarget "Virtual Tourist" */ = {
			isa = XCConfigurationList;
			buildConfigurations = (
				1A87CF361FBAC66500B25812 /* Debug */,
				1A87CF371FBAC66500B25812 /* Release */,
			);
			defaultConfigurationIsVisible = 0;
			defaultConfigurationName = Release;
		};
/* End XCConfigurationList section */

/* Begin XCVersionGroup section */
		1A87CF2A1FBAC66500B25812 /* Virtual_Tourist.xcdatamodeld */ = {
			isa = XCVersionGroup;
			children = (
				1A87CF2B1FBAC66500B25812 /* Virtual_Tourist.xcdatamodel */,
			);
			currentVersion = 1A87CF2B1FBAC66500B25812 /* Virtual_Tourist.xcdatamodel */;
			path = Virtual_Tourist.xcdatamodeld;
			sourceTree = "<group>";
			versionGroupType = wrapper.xcdatamodel;
		};
/* End XCVersionGroup section */
	};
	rootObject = 1A87CF181FBAC66400B25812 /* Project object */;
}
